
Microsoft Visual Studio Solution File, Format Version 12.00
Project("{FAE04EC0-301F-11D3-BF4B-00C04F79EFBC}") = "appoint", "appoint\appoint.csproj", "{602233D9-D50B-4ABA-84CF-CF810A9A9512}"
EndProject
Global
	GlobalSection(SolutionConfigurationPlatforms) = preSolution
		Debug|Any CPU = Debug|Any CPU
		Release|Any CPU = Release|Any CPU
	EndGlobalSection
	GlobalSection(ProjectConfigurationPlatforms) = postSolution
		{602233D9-D50B-4ABA-84CF-CF810A9A9512}.Debug|Any CPU.ActiveCfg = Debug|Any CPU
		{602233D9-D50B-4ABA-84CF-CF810A9A9512}.Debug|Any CPU.Build.0 = Debug|Any CPU
		{602233D9-D50B-4ABA-84CF-CF810A9A9512}.Release|Any CPU.ActiveCfg = Release|Any CPU
		{602233D9-D50B-4ABA-84CF-CF810A9A9512}.Release|Any CPU.Build.0 = Release|Any CPU
	EndGlobalSection
EndGlobal
